// !$*UTF8*$!
{
	archiveVersion = 1;
	classes = {
	};
	objectVersion = 46;
	objects = {

/* Begin PBXBuildFile section */
		973A03F717150FA8005F4488 /* UIKit.framework in Frameworks */ = {isa = PBXBuildFile; fileRef = 973A03F617150FA8005F4488 /* UIKit.framework */; };
		973A03F917150FA8005F4488 /* Foundation.framework in Frameworks */ = {isa = PBXBuildFile; fileRef = 973A03F817150FA8005F4488 /* Foundation.framework */; };
		973A03FB17150FA8005F4488 /* CoreGraphics.framework in Frameworks */ = {isa = PBXBuildFile; fileRef = 973A03FA17150FA8005F4488 /* CoreGraphics.framework */; };
		973A040117150FA8005F4488 /* InfoPlist.strings in Resources */ = {isa = PBXBuildFile; fileRef = 973A03FF17150FA8005F4488 /* InfoPlist.strings */; };
		973A040317150FA8005F4488 /* main.m in Sources */ = {isa = PBXBuildFile; fileRef = 973A040217150FA8005F4488 /* main.m */; };
		973A040717150FA8005F4488 /* AppDelegate.m in Sources */ = {isa = PBXBuildFile; fileRef = 973A040617150FA8005F4488 /* AppDelegate.m */; };
		973A040B17150FA8005F4488 /* Default@2x.png in Resources */ = {isa = PBXBuildFile; fileRef = 973A040A17150FA8005F4488 /* Default@2x.png */; };
		973A040D17150FA8005F4488 /* Default-568h@2x.png in Resources */ = {isa = PBXBuildFile; fileRef = 973A040C17150FA8005F4488 /* Default-568h@2x.png */; };
		973A041017150FA8005F4488 /* MainStoryboard.storyboard in Resources */ = {isa = PBXBuildFile; fileRef = 973A040E17150FA8005F4488 /* MainStoryboard.storyboard */; };
		973A041317150FA8005F4488 /* ViewController.m in Sources */ = {isa = PBXBuildFile; fileRef = 973A041217150FA8005F4488 /* ViewController.m */; };
		973A043217151248005F4488 /* appicon.png in Resources */ = {isa = PBXBuildFile; fileRef = 973A043117151248005F4488 /* appicon.png */; };
		973A04381715135B005F4488 /* blackButton.png in Resources */ = {isa = PBXBuildFile; fileRef = 973A04371715135B005F4488 /* blackButton.png */; };
		973A043B17151368005F4488 /* board.png in Resources */ = {isa = PBXBuildFile; fileRef = 973A043917151368005F4488 /* board.png */; };
		973A043C17151368005F4488 /* chatWindow.png in Resources */ = {isa = PBXBuildFile; fileRef = 973A043A17151368005F4488 /* chatWindow.png */; };
		973A043E17151372005F4488 /* enemy1.png in Resources */ = {isa = PBXBuildFile; fileRef = 973A043D17151372005F4488 /* enemy1.png */; };
		973A04401715137B005F4488 /* nullButton.png in Resources */ = {isa = PBXBuildFile; fileRef = 973A043F1715137B005F4488 /* nullButton.png */; };
		973A044217151384005F4488 /* whiteButton.png in Resources */ = {isa = PBXBuildFile; fileRef = 973A044117151384005F4488 /* whiteButton.png */; };
		973A044517151451005F4488 /* GameViewController.m in Sources */ = {isa = PBXBuildFile; fileRef = 973A044417151451005F4488 /* GameViewController.m */; };
		973A04481715182F005F4488 /* Board.m in Sources */ = {isa = PBXBuildFile; fileRef = 973A04471715182F005F4488 /* Board.m */; };
		973A044B1715197F005F4488 /* Disc.m in Sources */ = {isa = PBXBuildFile; fileRef = 973A044A1715197F005F4488 /* Disc.m */; };
		973A044C171547CF005F4488 /* Default.png in Resources */ = {isa = PBXBuildFile; fileRef = 973A043517151325005F4488 /* Default.png */; };
		973A044F17165DBC005F4488 /* ColorStorage.m in Sources */ = {isa = PBXBuildFile; fileRef = 973A044E17165DBC005F4488 /* ColorStorage.m */; };
		973A04521717EF7A005F4488 /* AI.m in Sources */ = {isa = PBXBuildFile; fileRef = 973A04511717EF7A005F4488 /* AI.m */; };
		973A04551717F159005F4488 /* AlphaBetaAI.m in Sources */ = {isa = PBXBuildFile; fileRef = 973A04541717F159005F4488 /* AlphaBetaAI.m */; };
		973A04581717F901005F4488 /* Move.m in Sources */ = {isa = PBXBuildFile; fileRef = 973A04571717F901005F4488 /* Move.m */; };
		973A045B1718572C005F4488 /* Evaluator.m in Sources */ = {isa = PBXBuildFile; fileRef = 973A045A1718572B005F4488 /* Evaluator.m */; };
		973A045E17185D6C005F4488 /* PerfectEvaluator.m in Sources */ = {isa = PBXBuildFile; fileRef = 973A045D17185D6C005F4488 /* PerfectEvaluator.m */; };
		973A046117185D81005F4488 /* WLDEvaluator.m in Sources */ = {isa = PBXBuildFile; fileRef = 973A046017185D81005F4488 /* WLDEvaluator.m */; };
		973A046417185D99005F4488 /* MidEvaluator.m in Sources */ = {isa = PBXBuildFile; fileRef = 973A046317185D98005F4488 /* MidEvaluator.m */; };
		973A046717186577005F4488 /* EdgeParam.m in Sources */ = {isa = PBXBuildFile; fileRef = 973A046617186576005F4488 /* EdgeParam.m */; };
		9775286F17755ED10076943A /* CFNetwork.framework in Frameworks */ = {isa = PBXBuildFile; fileRef = 9775286E17755ED10076943A /* CFNetwork.framework */; };
		9775287117755ED80076943A /* Security.framework in Frameworks */ = {isa = PBXBuildFile; fileRef = 9775287017755ED80076943A /* Security.framework */; };
		97D239E7171E3C000016BE78 /* CoordinatesTransformer.m in Sources */ = {isa = PBXBuildFile; fileRef = 97D239E6171E3BFF0016BE78 /* CoordinatesTransformer.m */; };
		97D239EA172586670016BE78 /* BookManager.m in Sources */ = {isa = PBXBuildFile; fileRef = 97D239E9172586660016BE78 /* BookManager.m */; };
		97D239EC172633770016BE78 /* reversi.book in Resources */ = {isa = PBXBuildFile; fileRef = 97D239EB172633760016BE78 /* reversi.book */; };
/* End PBXBuildFile section */

/* Begin PBXFileReference section */
		973A03F317150FA8005F4488 /* ikuseiReversi.app */ = {isa = PBXFileReference; explicitFileType = wrapper.application; includeInIndex = 0; path = ikuseiReversi.app; sourceTree = BUILT_PRODUCTS_DIR; };
		973A03F617150FA8005F4488 /* UIKit.framework */ = {isa = PBXFileReference; lastKnownFileType = wrapper.framework; name = UIKit.framework; path = System/Library/Frameworks/UIKit.framework; sourceTree = SDKROOT; };
		973A03F817150FA8005F4488 /* Foundation.framework */ = {isa = PBXFileReference; lastKnownFileType = wrapper.framework; name = Foundation.framework; path = System/Library/Frameworks/Foundation.framework; sourceTree = SDKROOT; };
		973A03FA17150FA8005F4488 /* CoreGraphics.framework */ = {isa = PBXFileReference; lastKnownFileType = wrapper.framework; name = CoreGraphics.framework; path = System/Library/Frameworks/CoreGraphics.framework; sourceTree = SDKROOT; };
		973A03FE17150FA8005F4488 /* ikuseiReversi-Info.plist */ = {isa = PBXFileReference; lastKnownFileType = text.plist.xml; path = "ikuseiReversi-Info.plist"; sourceTree = "<group>"; };
		973A040017150FA8005F4488 /* en */ = {isa = PBXFileReference; lastKnownFileType = text.plist.strings; name = en; path = en.lproj/InfoPlist.strings; sourceTree = "<group>"; };
		973A040217150FA8005F4488 /* main.m */ = {isa = PBXFileReference; lastKnownFileType = sourcecode.c.objc; path = main.m; sourceTree = "<group>"; };
		973A040417150FA8005F4488 /* ikuseiReversi-Prefix.pch */ = {isa = PBXFileReference; lastKnownFileType = sourcecode.c.h; path = "ikuseiReversi-Prefix.pch"; sourceTree = "<group>"; };
		973A040517150FA8005F4488 /* AppDelegate.h */ = {isa = PBXFileReference; lastKnownFileType = sourcecode.c.h; path = AppDelegate.h; sourceTree = "<group>"; };
		973A040617150FA8005F4488 /* AppDelegate.m */ = {isa = PBXFileReference; lastKnownFileType = sourcecode.c.objc; path = AppDelegate.m; sourceTree = "<group>"; };
		973A040817150FA8005F4488 /* Default.png */ = {isa = PBXFileReference; lastKnownFileType = image.png; path = Default.png; sourceTree = "<group>"; };
		973A040A17150FA8005F4488 /* Default@2x.png */ = {isa = PBXFileReference; lastKnownFileType = image.png; path = "Default@2x.png"; sourceTree = "<group>"; };
		973A040C17150FA8005F4488 /* Default-568h@2x.png */ = {isa = PBXFileReference; lastKnownFileType = image.png; path = "Default-568h@2x.png"; sourceTree = "<group>"; };
		973A040F17150FA8005F4488 /* en */ = {isa = PBXFileReference; lastKnownFileType = file.storyboard; name = en; path = en.lproj/MainStoryboard.storyboard; sourceTree = "<group>"; };
		973A041117150FA8005F4488 /* ViewController.h */ = {isa = PBXFileReference; lastKnownFileType = sourcecode.c.h; path = ViewController.h; sourceTree = "<group>"; };
		973A041217150FA8005F4488 /* ViewController.m */ = {isa = PBXFileReference; lastKnownFileType = sourcecode.c.objc; path = ViewController.m; sourceTree = "<group>"; };
		973A041A17150FA9005F4488 /* SenTestingKit.framework */ = {isa = PBXFileReference; lastKnownFileType = wrapper.framework; name = SenTestingKit.framework; path = Library/Frameworks/SenTestingKit.framework; sourceTree = DEVELOPER_DIR; };
		973A043117151248005F4488 /* appicon.png */ = {isa = PBXFileReference; lastKnownFileType = image.png; path = appicon.png; sourceTree = "<group>"; };
		973A043517151325005F4488 /* Default.png */ = {isa = PBXFileReference; lastKnownFileType = image.png; path = Default.png; sourceTree = "<group>"; };
		973A04371715135B005F4488 /* blackButton.png */ = {isa = PBXFileReference; lastKnownFileType = image.png; path = blackButton.png; sourceTree = "<group>"; };
		973A043917151368005F4488 /* board.png */ = {isa = PBXFileReference; lastKnownFileType = image.png; path = board.png; sourceTree = "<group>"; };
		973A043A17151368005F4488 /* chatWindow.png */ = {isa = PBXFileReference; lastKnownFileType = image.png; path = chatWindow.png; sourceTree = "<group>"; };
		973A043D17151372005F4488 /* enemy1.png */ = {isa = PBXFileReference; lastKnownFileType = image.png; path = enemy1.png; sourceTree = "<group>"; };
		973A043F1715137B005F4488 /* nullButton.png */ = {isa = PBXFileReference; lastKnownFileType = image.png; path = nullButton.png; sourceTree = "<group>"; };
		973A044117151384005F4488 /* whiteButton.png */ = {isa = PBXFileReference; lastKnownFileType = image.png; path = whiteButton.png; sourceTree = "<group>"; };
		973A044317151451005F4488 /* GameViewController.h */ = {isa = PBXFileReference; fileEncoding = 4; lastKnownFileType = sourcecode.c.h; path = GameViewController.h; sourceTree = "<group>"; };
		973A044417151451005F4488 /* GameViewController.m */ = {isa = PBXFileReference; fileEncoding = 4; lastKnownFileType = sourcecode.c.objc; path = GameViewController.m; sourceTree = "<group>"; };
		973A04461715182F005F4488 /* Board.h */ = {isa = PBXFileReference; fileEncoding = 4; lastKnownFileType = sourcecode.c.h; path = Board.h; sourceTree = "<group>"; };
		973A04471715182F005F4488 /* Board.m */ = {isa = PBXFileReference; fileEncoding = 4; lastKnownFileType = sourcecode.c.objc; path = Board.m; sourceTree = "<group>"; };
		973A04491715197F005F4488 /* Disc.h */ = {isa = PBXFileReference; fileEncoding = 4; lastKnownFileType = sourcecode.c.h; path = Disc.h; sourceTree = "<group>"; };
		973A044A1715197F005F4488 /* Disc.m */ = {isa = PBXFileReference; fileEncoding = 4; lastKnownFileType = sourcecode.c.objc; path = Disc.m; sourceTree = "<group>"; };
		973A044D17165DBB005F4488 /* ColorStorage.h */ = {isa = PBXFileReference; fileEncoding = 4; lastKnownFileType = sourcecode.c.h; path = ColorStorage.h; sourceTree = "<group>"; };
		973A044E17165DBC005F4488 /* ColorStorage.m */ = {isa = PBXFileReference; fileEncoding = 4; lastKnownFileType = sourcecode.c.objc; path = ColorStorage.m; sourceTree = "<group>"; };
		973A04501717EF7A005F4488 /* AI.h */ = {isa = PBXFileReference; fileEncoding = 4; lastKnownFileType = sourcecode.c.h; path = AI.h; sourceTree = "<group>"; };
		973A04511717EF7A005F4488 /* AI.m */ = {isa = PBXFileReference; fileEncoding = 4; lastKnownFileType = sourcecode.c.objc; path = AI.m; sourceTree = "<group>"; };
		973A04531717F158005F4488 /* AlphaBetaAI.h */ = {isa = PBXFileReference; fileEncoding = 4; lastKnownFileType = sourcecode.c.h; path = AlphaBetaAI.h; sourceTree = "<group>"; };
		973A04541717F159005F4488 /* AlphaBetaAI.m */ = {isa = PBXFileReference; fileEncoding = 4; lastKnownFileType = sourcecode.c.objc; path = AlphaBetaAI.m; sourceTree = "<group>"; };
		973A04561717F901005F4488 /* Move.h */ = {isa = PBXFileReference; fileEncoding = 4; lastKnownFileType = sourcecode.c.h; path = Move.h; sourceTree = "<group>"; };
		973A04571717F901005F4488 /* Move.m */ = {isa = PBXFileReference; fileEncoding = 4; lastKnownFileType = sourcecode.c.objc; path = Move.m; sourceTree = "<group>"; };
		973A04591718572B005F4488 /* Evaluator.h */ = {isa = PBXFileReference; fileEncoding = 4; lastKnownFileType = sourcecode.c.h; path = Evaluator.h; sourceTree = "<group>"; };
		973A045A1718572B005F4488 /* Evaluator.m */ = {isa = PBXFileReference; fileEncoding = 4; lastKnownFileType = sourcecode.c.objc; path = Evaluator.m; sourceTree = "<group>"; };
		973A045C17185D6C005F4488 /* PerfectEvaluator.h */ = {isa = PBXFileReference; fileEncoding = 4; lastKnownFileType = sourcecode.c.h; path = PerfectEvaluator.h; sourceTree = "<group>"; };
		973A045D17185D6C005F4488 /* PerfectEvaluator.m */ = {isa = PBXFileReference; fileEncoding = 4; lastKnownFileType = sourcecode.c.objc; path = PerfectEvaluator.m; sourceTree = "<group>"; };
		973A045F17185D80005F4488 /* WLDEvaluator.h */ = {isa = PBXFileReference; fileEncoding = 4; lastKnownFileType = sourcecode.c.h; path = WLDEvaluator.h; sourceTree = "<group>"; };
		973A046017185D81005F4488 /* WLDEvaluator.m */ = {isa = PBXFileReference; fileEncoding = 4; lastKnownFileType = sourcecode.c.objc; path = WLDEvaluator.m; sourceTree = "<group>"; };
		973A046217185D98005F4488 /* MidEvaluator.h */ = {isa = PBXFileReference; fileEncoding = 4; lastKnownFileType = sourcecode.c.h; path = MidEvaluator.h; sourceTree = "<group>"; };
		973A046317185D98005F4488 /* MidEvaluator.m */ = {isa = PBXFileReference; fileEncoding = 4; lastKnownFileType = sourcecode.c.objc; path = MidEvaluator.m; sourceTree = "<group>"; };
		973A046517186576005F4488 /* EdgeParam.h */ = {isa = PBXFileReference; fileEncoding = 4; lastKnownFileType = sourcecode.c.h; path = EdgeParam.h; sourceTree = "<group>"; };
		973A046617186576005F4488 /* EdgeParam.m */ = {isa = PBXFileReference; fileEncoding = 4; lastKnownFileType = sourcecode.c.objc; path = EdgeParam.m; sourceTree = "<group>"; };
		9775280C17755CDC0076943A /* base64.c */ = {isa = PBXFileReference; fileEncoding = 4; lastKnownFileType = sourcecode.c.c; path = base64.c; sourceTree = "<group>"; };
		9775280D17755CDC0076943A /* base64.h */ = {isa = PBXFileReference; fileEncoding = 4; lastKnownFileType = sourcecode.c.h; path = base64.h; sourceTree = "<group>"; };
		9775280E17755CDC0076943A /* NSData+SRB64Additions.h */ = {isa = PBXFileReference; fileEncoding = 4; lastKnownFileType = sourcecode.c.h; path = "NSData+SRB64Additions.h"; sourceTree = "<group>"; };
		9775280F17755CDC0076943A /* NSData+SRB64Additions.m */ = {isa = PBXFileReference; fileEncoding = 4; lastKnownFileType = sourcecode.c.objc; path = "NSData+SRB64Additions.m"; sourceTree = "<group>"; };
		9775281017755CDC0076943A /* SocketRocket-Prefix.pch */ = {isa = PBXFileReference; fileEncoding = 4; lastKnownFileType = sourcecode.c.h; path = "SocketRocket-Prefix.pch"; sourceTree = "<group>"; };
		9775281117755CDC0076943A /* SRWebSocket.h */ = {isa = PBXFileReference; fileEncoding = 4; lastKnownFileType = sourcecode.c.h; path = SRWebSocket.h; sourceTree = "<group>"; };
		9775281217755CDC0076943A /* SRWebSocket.m */ = {isa = PBXFileReference; fileEncoding = 4; lastKnownFileType = sourcecode.c.objc; path = SRWebSocket.m; sourceTree = "<group>"; };
		9775281B17755D270076943A /* SocketIO.h */ = {isa = PBXFileReference; fileEncoding = 4; lastKnownFileType = sourcecode.c.h; path = SocketIO.h; sourceTree = "<group>"; };
		9775281C17755D270076943A /* SocketIO.m */ = {isa = PBXFileReference; fileEncoding = 4; lastKnownFileType = sourcecode.c.objc; path = SocketIO.m; sourceTree = "<group>"; };
		9775281D17755D270076943A /* SocketIOJSONSerialization.h */ = {isa = PBXFileReference; fileEncoding = 4; lastKnownFileType = sourcecode.c.h; path = SocketIOJSONSerialization.h; sourceTree = "<group>"; };
		9775281E17755D270076943A /* SocketIOJSONSerialization.m */ = {isa = PBXFileReference; fileEncoding = 4; lastKnownFileType = sourcecode.c.objc; path = SocketIOJSONSerialization.m; sourceTree = "<group>"; };
		9775281F17755D270076943A /* SocketIOPacket.h */ = {isa = PBXFileReference; fileEncoding = 4; lastKnownFileType = sourcecode.c.h; path = SocketIOPacket.h; sourceTree = "<group>"; };
		9775282017755D270076943A /* SocketIOPacket.m */ = {isa = PBXFileReference; fileEncoding = 4; lastKnownFileType = sourcecode.c.objc; path = SocketIOPacket.m; sourceTree = "<group>"; };
		9775282117755D270076943A /* SocketIOTransport.h */ = {isa = PBXFileReference; fileEncoding = 4; lastKnownFileType = sourcecode.c.h; path = SocketIOTransport.h; sourceTree = "<group>"; };
		9775282217755D270076943A /* SocketIOTransportWebsocket.h */ = {isa = PBXFileReference; fileEncoding = 4; lastKnownFileType = sourcecode.c.h; path = SocketIOTransportWebsocket.h; sourceTree = "<group>"; };
		9775282317755D270076943A /* SocketIOTransportWebsocket.m */ = {isa = PBXFileReference; fileEncoding = 4; lastKnownFileType = sourcecode.c.objc; path = SocketIOTransportWebsocket.m; sourceTree = "<group>"; };
		9775282417755D270076943A /* SocketIOTransportXHR.h */ = {isa = PBXFileReference; fileEncoding = 4; lastKnownFileType = sourcecode.c.h; path = SocketIOTransportXHR.h; sourceTree = "<group>"; };
		9775282517755D270076943A /* SocketIOTransportXHR.m */ = {isa = PBXFileReference; fileEncoding = 4; lastKnownFileType = sourcecode.c.objc; path = SocketIOTransportXHR.m; sourceTree = "<group>"; };
		9775284D17755DE70076943A /* SBJson.h */ = {isa = PBXFileReference; fileEncoding = 4; lastKnownFileType = sourcecode.c.h; path = SBJson.h; sourceTree = "<group>"; };
		9775284E17755DE70076943A /* SBJsonParser.h */ = {isa = PBXFileReference; fileEncoding = 4; lastKnownFileType = sourcecode.c.h; path = SBJsonParser.h; sourceTree = "<group>"; };
		9775284F17755DE70076943A /* SBJsonParser.m */ = {isa = PBXFileReference; fileEncoding = 4; lastKnownFileType = sourcecode.c.objc; path = SBJsonParser.m; sourceTree = "<group>"; };
		9775285017755DE70076943A /* SBJsonStreamParser.h */ = {isa = PBXFileReference; fileEncoding = 4; lastKnownFileType = sourcecode.c.h; path = SBJsonStreamParser.h; sourceTree = "<group>"; };
		9775285117755DE70076943A /* SBJsonStreamParser.m */ = {isa = PBXFileReference; fileEncoding = 4; lastKnownFileType = sourcecode.c.objc; path = SBJsonStreamParser.m; sourceTree = "<group>"; };
		9775285217755DE70076943A /* SBJsonStreamParserAccumulator.h */ = {isa = PBXFileReference; fileEncoding = 4; lastKnownFileType = sourcecode.c.h; path = SBJsonStreamParserAccumulator.h; sourceTree = "<group>"; };
		9775285317755DE70076943A /* SBJsonStreamParserAccumulator.m */ = {isa = PBXFileReference; fileEncoding = 4; lastKnownFileType = sourcecode.c.objc; path = SBJsonStreamParserAccumulator.m; sourceTree = "<group>"; };
		9775285417755DE70076943A /* SBJsonStreamParserAdapter.h */ = {isa = PBXFileReference; fileEncoding = 4; lastKnownFileType = sourcecode.c.h; path = SBJsonStreamParserAdapter.h; sourceTree = "<group>"; };
		9775285517755DE70076943A /* SBJsonStreamParserAdapter.m */ = {isa = PBXFileReference; fileEncoding = 4; lastKnownFileType = sourcecode.c.objc; path = SBJsonStreamParserAdapter.m; sourceTree = "<group>"; };
		9775285617755DE70076943A /* SBJsonStreamParserState.h */ = {isa = PBXFileReference; fileEncoding = 4; lastKnownFileType = sourcecode.c.h; path = SBJsonStreamParserState.h; sourceTree = "<group>"; };
		9775285717755DE70076943A /* SBJsonStreamParserState.m */ = {isa = PBXFileReference; fileEncoding = 4; lastKnownFileType = sourcecode.c.objc; path = SBJsonStreamParserState.m; sourceTree = "<group>"; };
		9775285817755DE70076943A /* SBJsonStreamTokeniser.h */ = {isa = PBXFileReference; fileEncoding = 4; lastKnownFileType = sourcecode.c.h; path = SBJsonStreamTokeniser.h; sourceTree = "<group>"; };
		9775285917755DE70076943A /* SBJsonStreamTokeniser.m */ = {isa = PBXFileReference; fileEncoding = 4; lastKnownFileType = sourcecode.c.objc; path = SBJsonStreamTokeniser.m; sourceTree = "<group>"; };
		9775285A17755DE70076943A /* SBJsonStreamWriter.h */ = {isa = PBXFileReference; fileEncoding = 4; lastKnownFileType = sourcecode.c.h; path = SBJsonStreamWriter.h; sourceTree = "<group>"; };
		9775285B17755DE70076943A /* SBJsonStreamWriter.m */ = {isa = PBXFileReference; fileEncoding = 4; lastKnownFileType = sourcecode.c.objc; path = SBJsonStreamWriter.m; sourceTree = "<group>"; };
		9775285C17755DE70076943A /* SBJsonStreamWriterAccumulator.h */ = {isa = PBXFileReference; fileEncoding = 4; lastKnownFileType = sourcecode.c.h; path = SBJsonStreamWriterAccumulator.h; sourceTree = "<group>"; };
		9775285D17755DE70076943A /* SBJsonStreamWriterAccumulator.m */ = {isa = PBXFileReference; fileEncoding = 4; lastKnownFileType = sourcecode.c.objc; path = SBJsonStreamWriterAccumulator.m; sourceTree = "<group>"; };
		9775285E17755DE70076943A /* SBJsonStreamWriterState.h */ = {isa = PBXFileReference; fileEncoding = 4; lastKnownFileType = sourcecode.c.h; path = SBJsonStreamWriterState.h; sourceTree = "<group>"; };
		9775285F17755DE70076943A /* SBJsonStreamWriterState.m */ = {isa = PBXFileReference; fileEncoding = 4; lastKnownFileType = sourcecode.c.objc; path = SBJsonStreamWriterState.m; sourceTree = "<group>"; };
		9775286017755DE70076943A /* SBJsonWriter.h */ = {isa = PBXFileReference; fileEncoding = 4; lastKnownFileType = sourcecode.c.h; path = SBJsonWriter.h; sourceTree = "<group>"; };
		9775286117755DE70076943A /* SBJsonWriter.m */ = {isa = PBXFileReference; fileEncoding = 4; lastKnownFileType = sourcecode.c.objc; path = SBJsonWriter.m; sourceTree = "<group>"; };
		9775286E17755ED10076943A /* CFNetwork.framework */ = {isa = PBXFileReference; lastKnownFileType = wrapper.framework; name = CFNetwork.framework; path = System/Library/Frameworks/CFNetwork.framework; sourceTree = SDKROOT; };
		9775287017755ED80076943A /* Security.framework */ = {isa = PBXFileReference; lastKnownFileType = wrapper.framework; name = Security.framework; path = System/Library/Frameworks/Security.framework; sourceTree = SDKROOT; };
		97D239E5171E3BFF0016BE78 /* CoordinatesTransformer.h */ = {isa = PBXFileReference; fileEncoding = 4; lastKnownFileType = sourcecode.c.h; path = CoordinatesTransformer.h; sourceTree = "<group>"; };
		97D239E6171E3BFF0016BE78 /* CoordinatesTransformer.m */ = {isa = PBXFileReference; fileEncoding = 4; lastKnownFileType = sourcecode.c.objc; path = CoordinatesTransformer.m; sourceTree = "<group>"; };
		97D239E8172586660016BE78 /* BookManager.h */ = {isa = PBXFileReference; fileEncoding = 4; lastKnownFileType = sourcecode.c.h; path = BookManager.h; sourceTree = "<group>"; };
		97D239E9172586660016BE78 /* BookManager.m */ = {isa = PBXFileReference; fileEncoding = 4; lastKnownFileType = sourcecode.c.objc; path = BookManager.m; sourceTree = "<group>"; };
		97D239EB172633760016BE78 /* reversi.book */ = {isa = PBXFileReference; fileEncoding = 4; lastKnownFileType = text; path = reversi.book; sourceTree = "<group>"; };
/* End PBXFileReference section */

/* Begin PBXFrameworksBuildPhase section */
		973A03F017150FA8005F4488 /* Frameworks */ = {
			isa = PBXFrameworksBuildPhase;
			buildActionMask = 2147483647;
			files = (
				9775287117755ED80076943A /* Security.framework in Frameworks */,
				9775286F17755ED10076943A /* CFNetwork.framework in Frameworks */,
				973A03F717150FA8005F4488 /* UIKit.framework in Frameworks */,
				973A03F917150FA8005F4488 /* Foundation.framework in Frameworks */,
				973A03FB17150FA8005F4488 /* CoreGraphics.framework in Frameworks */,
			);
			runOnlyForDeploymentPostprocessing = 0;
		};
/* End PBXFrameworksBuildPhase section */

/* Begin PBXGroup section */
		973A03EA17150FA8005F4488 = {
			isa = PBXGroup;
			children = (
				9775287017755ED80076943A /* Security.framework */,
				9775286E17755ED10076943A /* CFNetwork.framework */,
				973A043517151325005F4488 /* Default.png */,
				973A043117151248005F4488 /* appicon.png */,
				9775280A17755CCD0076943A /* Libs */,
				973A03FC17150FA8005F4488 /* ikuseiReversi */,
				973A03F517150FA8005F4488 /* Frameworks */,
				973A03F417150FA8005F4488 /* Products */,
			);
			sourceTree = "<group>";
		};
		973A03F417150FA8005F4488 /* Products */ = {
			isa = PBXGroup;
			children = (
				973A03F317150FA8005F4488 /* ikuseiReversi.app */,
			);
			name = Products;
			sourceTree = "<group>";
		};
		973A03F517150FA8005F4488 /* Frameworks */ = {
			isa = PBXGroup;
			children = (
				973A03F617150FA8005F4488 /* UIKit.framework */,
				973A03F817150FA8005F4488 /* Foundation.framework */,
				973A03FA17150FA8005F4488 /* CoreGraphics.framework */,
				973A041A17150FA9005F4488 /* SenTestingKit.framework */,
			);
			name = Frameworks;
			sourceTree = "<group>";
		};
		973A03FC17150FA8005F4488 /* ikuseiReversi */ = {
			isa = PBXGroup;
			children = (
				973A040517150FA8005F4488 /* AppDelegate.h */,
				973A040617150FA8005F4488 /* AppDelegate.m */,
				973A04371715135B005F4488 /* blackButton.png */,
				973A040E17150FA8005F4488 /* MainStoryboard.storyboard */,
				973A044317151451005F4488 /* GameViewController.h */,
				973A044417151451005F4488 /* GameViewController.m */,
				973A04491715197F005F4488 /* Disc.h */,
				973A044A1715197F005F4488 /* Disc.m */,
				973A04561717F901005F4488 /* Move.h */,
				973A04571717F901005F4488 /* Move.m */,
				973A044D17165DBB005F4488 /* ColorStorage.h */,
				973A044E17165DBC005F4488 /* ColorStorage.m */,
				973A04461715182F005F4488 /* Board.h */,
				973A04471715182F005F4488 /* Board.m */,
				973A046517186576005F4488 /* EdgeParam.h */,
				973A046617186576005F4488 /* EdgeParam.m */,
				973A04501717EF7A005F4488 /* AI.h */,
				973A04511717EF7A005F4488 /* AI.m */,
				973A04531717F158005F4488 /* AlphaBetaAI.h */,
				973A04541717F159005F4488 /* AlphaBetaAI.m */,
				97D239EB172633760016BE78 /* reversi.book */,
				973A04591718572B005F4488 /* Evaluator.h */,
				973A045A1718572B005F4488 /* Evaluator.m */,
				973A045C17185D6C005F4488 /* PerfectEvaluator.h */,
				973A045D17185D6C005F4488 /* PerfectEvaluator.m */,
				973A045F17185D80005F4488 /* WLDEvaluator.h */,
				973A046017185D81005F4488 /* WLDEvaluator.m */,
				973A046217185D98005F4488 /* MidEvaluator.h */,
				973A046317185D98005F4488 /* MidEvaluator.m */,
				97D239E5171E3BFF0016BE78 /* CoordinatesTransformer.h */,
				97D239E6171E3BFF0016BE78 /* CoordinatesTransformer.m */,
				97D239E8172586660016BE78 /* BookManager.h */,
				97D239E9172586660016BE78 /* BookManager.m */,
				973A043D17151372005F4488 /* enemy1.png */,
				973A043917151368005F4488 /* board.png */,
				973A044117151384005F4488 /* whiteButton.png */,
				973A043A17151368005F4488 /* chatWindow.png */,
				973A043F1715137B005F4488 /* nullButton.png */,
				973A041117150FA8005F4488 /* ViewController.h */,
				973A041217150FA8005F4488 /* ViewController.m */,
				973A03FD17150FA8005F4488 /* Supporting Files */,
			);
			path = ikuseiReversi;
			sourceTree = "<group>";
		};
		973A03FD17150FA8005F4488 /* Supporting Files */ = {
			isa = PBXGroup;
			children = (
				973A03FE17150FA8005F4488 /* ikuseiReversi-Info.plist */,
				973A03FF17150FA8005F4488 /* InfoPlist.strings */,
				973A040217150FA8005F4488 /* main.m */,
				973A040417150FA8005F4488 /* ikuseiReversi-Prefix.pch */,
				973A040817150FA8005F4488 /* Default.png */,
				973A040A17150FA8005F4488 /* Default@2x.png */,
				973A040C17150FA8005F4488 /* Default-568h@2x.png */,
			);
			name = "Supporting Files";
			sourceTree = "<group>";
		};
		9775280A17755CCD0076943A /* Libs */ = {
			isa = PBXGroup;
			children = (
				9775284C17755DE70076943A /* objc */,
				9775281617755D270076943A /* socket.IO-objc-master */,
				9775280B17755CDC0076943A /* SocketRocket */,
			);
			name = Libs;
			sourceTree = "<group>";
		};
		9775280B17755CDC0076943A /* SocketRocket */ = {
			isa = PBXGroup;
			children = (
				9775280C17755CDC0076943A /* base64.c */,
				9775280D17755CDC0076943A /* base64.h */,
				9775280E17755CDC0076943A /* NSData+SRB64Additions.h */,
				9775280F17755CDC0076943A /* NSData+SRB64Additions.m */,
				9775281017755CDC0076943A /* SocketRocket-Prefix.pch */,
				9775281117755CDC0076943A /* SRWebSocket.h */,
				9775281217755CDC0076943A /* SRWebSocket.m */,
			);
			path = SocketRocket;
			sourceTree = "<group>";
		};
		9775281617755D270076943A /* socket.IO-objc-master */ = {
			isa = PBXGroup;
			children = (
				9775281B17755D270076943A /* SocketIO.h */,
				9775281C17755D270076943A /* SocketIO.m */,
				9775281D17755D270076943A /* SocketIOJSONSerialization.h */,
				9775281E17755D270076943A /* SocketIOJSONSerialization.m */,
				9775281F17755D270076943A /* SocketIOPacket.h */,
				9775282017755D270076943A /* SocketIOPacket.m */,
				9775282117755D270076943A /* SocketIOTransport.h */,
				9775282217755D270076943A /* SocketIOTransportWebsocket.h */,
				9775282317755D270076943A /* SocketIOTransportWebsocket.m */,
				9775282417755D270076943A /* SocketIOTransportXHR.h */,
				9775282517755D270076943A /* SocketIOTransportXHR.m */,
			);
			path = "socket.IO-objc-master";
			sourceTree = "<group>";
		};
		9775284C17755DE70076943A /* objc */ = {
			isa = PBXGroup;
			children = (
				9775284D17755DE70076943A /* SBJson.h */,
				9775284E17755DE70076943A /* SBJsonParser.h */,
				9775284F17755DE70076943A /* SBJsonParser.m */,
				9775285017755DE70076943A /* SBJsonStreamParser.h */,
				9775285117755DE70076943A /* SBJsonStreamParser.m */,
				9775285217755DE70076943A /* SBJsonStreamParserAccumulator.h */,
				9775285317755DE70076943A /* SBJsonStreamParserAccumulator.m */,
				9775285417755DE70076943A /* SBJsonStreamParserAdapter.h */,
				9775285517755DE70076943A /* SBJsonStreamParserAdapter.m */,
				9775285617755DE70076943A /* SBJsonStreamParserState.h */,
				9775285717755DE70076943A /* SBJsonStreamParserState.m */,
				9775285817755DE70076943A /* SBJsonStreamTokeniser.h */,
				9775285917755DE70076943A /* SBJsonStreamTokeniser.m */,
				9775285A17755DE70076943A /* SBJsonStreamWriter.h */,
				9775285B17755DE70076943A /* SBJsonStreamWriter.m */,
				9775285C17755DE70076943A /* SBJsonStreamWriterAccumulator.h */,
				9775285D17755DE70076943A /* SBJsonStreamWriterAccumulator.m */,
				9775285E17755DE70076943A /* SBJsonStreamWriterState.h */,
				9775285F17755DE70076943A /* SBJsonStreamWriterState.m */,
				9775286017755DE70076943A /* SBJsonWriter.h */,
				9775286117755DE70076943A /* SBJsonWriter.m */,
			);
			path = objc;
			sourceTree = "<group>";
		};
/* End PBXGroup section */

/* Begin PBXNativeTarget section */
		973A03F217150FA8005F4488 /* ikuseiReversi */ = {
			isa = PBXNativeTarget;
			buildConfigurationList = 973A042B17150FA9005F4488 /* Build configuration list for PBXNativeTarget "ikuseiReversi" */;
			buildPhases = (
				973A03EF17150FA8005F4488 /* Sources */,
				973A03F017150FA8005F4488 /* Frameworks */,
				973A03F117150FA8005F4488 /* Resources */,
			);
			buildRules = (
			);
			dependencies = (
			);
			name = ikuseiReversi;
			productName = ikuseiReversi;
			productReference = 973A03F317150FA8005F4488 /* ikuseiReversi.app */;
			productType = "com.apple.product-type.application";
		};
/* End PBXNativeTarget section */

/* Begin PBXProject section */
		973A03EB17150FA8005F4488 /* Project object */ = {
			isa = PBXProject;
			attributes = {
				LastUpgradeCheck = 0460;
				ORGANIZATIONNAME = "Kohei Iwasaki";
				TargetAttributes = {
					973A03F217150FA8005F4488 = {
						DevelopmentTeam = 8K2239RG39;
					};
				};
			};
			buildConfigurationList = 973A03EE17150FA8005F4488 /* Build configuration list for PBXProject "ikuseiReversi" */;
			compatibilityVersion = "Xcode 3.2";
			developmentRegion = English;
			hasScannedForEncodings = 0;
			knownRegions = (
				English,
				en,
			);
			mainGroup = 973A03EA17150FA8005F4488;
			productRefGroup = 973A03F417150FA8005F4488 /* Products */;
			projectDirPath = "";
			projectRoot = "";
			targets = (
				973A03F217150FA8005F4488 /* ikuseiReversi */,
			);
		};
/* End PBXProject section */

/* Begin PBXResourcesBuildPhase section */
		973A03F117150FA8005F4488 /* Resources */ = {
			isa = PBXResourcesBuildPhase;
			buildActionMask = 2147483647;
			files = (
				973A040117150FA8005F4488 /* InfoPlist.strings in Resources */,
				973A040B17150FA8005F4488 /* Default@2x.png in Resources */,
				973A040D17150FA8005F4488 /* Default-568h@2x.png in Resources */,
				973A041017150FA8005F4488 /* MainStoryboard.storyboard in Resources */,
				973A043217151248005F4488 /* appicon.png in Resources */,
				973A04381715135B005F4488 /* blackButton.png in Resources */,
				973A043B17151368005F4488 /* board.png in Resources */,
				973A043C17151368005F4488 /* chatWindow.png in Resources */,
				973A043E17151372005F4488 /* enemy1.png in Resources */,
				973A04401715137B005F4488 /* nullButton.png in Resources */,
				973A044217151384005F4488 /* whiteButton.png in Resources */,
				973A044C171547CF005F4488 /* Default.png in Resources */,
				97D239EC172633770016BE78 /* reversi.book in Resources */,
			);
			runOnlyForDeploymentPostprocessing = 0;
		};
/* End PBXResourcesBuildPhase section */

/* Begin PBXSourcesBuildPhase section */
		973A03EF17150FA8005F4488 /* Sources */ = {
			isa = PBXSourcesBuildPhase;
			buildActionMask = 2147483647;
			files = (
				973A040317150FA8005F4488 /* main.m in Sources */,
				973A040717150FA8005F4488 /* AppDelegate.m in Sources */,
				973A041317150FA8005F4488 /* ViewController.m in Sources */,
				973A044517151451005F4488 /* GameViewController.m in Sources */,
				973A04481715182F005F4488 /* Board.m in Sources */,
				973A044B1715197F005F4488 /* Disc.m in Sources */,
				973A044F17165DBC005F4488 /* ColorStorage.m in Sources */,
				973A04521717EF7A005F4488 /* AI.m in Sources */,
				973A04551717F159005F4488 /* AlphaBetaAI.m in Sources */,
				973A04581717F901005F4488 /* Move.m in Sources */,
				973A045B1718572C005F4488 /* Evaluator.m in Sources */,
				973A045E17185D6C005F4488 /* PerfectEvaluator.m in Sources */,
				973A046117185D81005F4488 /* WLDEvaluator.m in Sources */,
				973A046417185D99005F4488 /* MidEvaluator.m in Sources */,
				973A046717186577005F4488 /* EdgeParam.m in Sources */,
				97D239E7171E3C000016BE78 /* CoordinatesTransformer.m in Sources */,
				97D239EA172586670016BE78 /* BookManager.m in Sources */,
			);
			runOnlyForDeploymentPostprocessing = 0;
		};
/* End PBXSourcesBuildPhase section */

/* Begin PBXVariantGroup section */
		973A03FF17150FA8005F4488 /* InfoPlist.strings */ = {
			isa = PBXVariantGroup;
			children = (
				973A040017150FA8005F4488 /* en */,
			);
			name = InfoPlist.strings;
			sourceTree = "<group>";
		};
		973A040E17150FA8005F4488 /* MainStoryboard.storyboard */ = {
			isa = PBXVariantGroup;
			children = (
				973A040F17150FA8005F4488 /* en */,
			);
			name = MainStoryboard.storyboard;
			sourceTree = "<group>";
		};
/* End PBXVariantGroup section */

/* Begin XCBuildConfiguration section */
		973A042917150FA9005F4488 /* Debug */ = {
			isa = XCBuildConfiguration;
			buildSettings = {
				ALWAYS_SEARCH_USER_PATHS = NO;
				CLANG_CXX_LANGUAGE_STANDARD = "gnu++0x";
				CLANG_CXX_LIBRARY = "libc++";
				CLANG_ENABLE_OBJC_ARC = YES;
				CLANG_WARN_CONSTANT_CONVERSION = YES;
				CLANG_WARN_EMPTY_BODY = YES;
				CLANG_WARN_ENUM_CONVERSION = YES;
				CLANG_WARN_INT_CONVERSION = YES;
				CLANG_WARN__DUPLICATE_METHOD_MATCH = YES;
				"CODE_SIGN_IDENTITY[sdk=iphoneos*]" = "iPhone Developer";
				COPY_PHASE_STRIP = NO;
				GCC_C_LANGUAGE_STANDARD = gnu99;
				GCC_DYNAMIC_NO_PIC = NO;
				GCC_OPTIMIZATION_LEVEL = 0;
				GCC_PREPROCESSOR_DEFINITIONS = (
					"DEBUG=1",
					"$(inherited)",
				);
				GCC_SYMBOLS_PRIVATE_EXTERN = NO;
				GCC_WARN_ABOUT_RETURN_TYPE = YES;
				GCC_WARN_UNINITIALIZED_AUTOS = YES;
				GCC_WARN_UNUSED_VARIABLE = YES;
				IPHONEOS_DEPLOYMENT_TARGET = 6.1;
				ONLY_ACTIVE_ARCH = YES;
				SDKROOT = iphoneos;
			};
			name = Debug;
		};
		973A042A17150FA9005F4488 /* Release */ = {
			isa = XCBuildConfiguration;
			buildSettings = {
				ALWAYS_SEARCH_USER_PATHS = NO;
				CLANG_CXX_LANGUAGE_STANDARD = "gnu++0x";
				CLANG_CXX_LIBRARY = "libc++";
				CLANG_ENABLE_OBJC_ARC = YES;
				CLANG_WARN_CONSTANT_CONVERSION = YES;
				CLANG_WARN_EMPTY_BODY = YES;
				CLANG_WARN_ENUM_CONVERSION = YES;
				CLANG_WARN_INT_CONVERSION = YES;
				CLANG_WARN__DUPLICATE_METHOD_MATCH = YES;
				"CODE_SIGN_IDENTITY[sdk=iphoneos*]" = "iPhone Developer";
				COPY_PHASE_STRIP = YES;
				GCC_C_LANGUAGE_STANDARD = gnu99;
				GCC_WARN_ABOUT_RETURN_TYPE = YES;
				GCC_WARN_UNINITIALIZED_AUTOS = YES;
				GCC_WARN_UNUSED_VARIABLE = YES;
				IPHONEOS_DEPLOYMENT_TARGET = 6.1;
				OTHER_CFLAGS = "-DNS_BLOCK_ASSERTIONS=1";
				SDKROOT = iphoneos;
				VALIDATE_PRODUCT = YES;
			};
			name = Release;
		};
		973A042C17150FA9005F4488 /* Debug */ = {
			isa = XCBuildConfiguration;
			buildSettings = {
				DEVELOPMENT_TEAM = 8K2239RG39;
				GCC_PRECOMPILE_PREFIX_HEADER = YES;
				GCC_PREFIX_HEADER = "ikuseiReversi/ikuseiReversi-Prefix.pch";
				INFOPLIST_FILE = "ikuseiReversi/ikuseiReversi-Info.plist";
				IPHONEOS_DEPLOYMENT_TARGET = 12.0;
				PRODUCT_NAME = "$(TARGET_NAME)";
				WRAPPER_EXTENSION = app;
			};
			name = Debug;
		};
		973A042D17150FA9005F4488 /* Release */ = {
			isa = XCBuildConfiguration;
			buildSettings = {
				DEVELOPMENT_TEAM = 8K2239RG39;
				GCC_PRECOMPILE_PREFIX_HEADER = YES;
				GCC_PREFIX_HEADER = "ikuseiReversi/ikuseiReversi-Prefix.pch";
				INFOPLIST_FILE = "ikuseiReversi/ikuseiReversi-Info.plist";
				IPHONEOS_DEPLOYMENT_TARGET = 12.0;
				PRODUCT_NAME = "$(TARGET_NAME)";
				WRAPPER_EXTENSION = app;
			};
			name = Release;
		};
/* End XCBuildConfiguration section */

/* Begin XCConfigurationList section */
		973A03EE17150FA8005F4488 /* Build configuration list for PBXProject "ikuseiReversi" */ = {
			isa = XCConfigurationList;
			buildConfigurations = (
				973A042917150FA9005F4488 /* Debug */,
				973A042A17150FA9005F4488 /* Release */,
			);
			defaultConfigurationIsVisible = 0;
			defaultConfigurationName = Release;
		};
		973A042B17150FA9005F4488 /* Build configuration list for PBXNativeTarget "ikuseiReversi" */ = {
			isa = XCConfigurationList;
			buildConfigurations = (
				973A042C17150FA9005F4488 /* Debug */,
				973A042D17150FA9005F4488 /* Release */,
			);
			defaultConfigurationIsVisible = 0;
			defaultConfigurationName = Release;
		};
/* End XCConfigurationList section */
	};
	rootObject = 973A03EB17150FA8005F4488 /* Project object */;
}
